
Microsoft Visual Studio Solution File, Format Version 12.00
# Visual Studio Version 17
VisualStudioVersion = 17.6.33829.357
MinimumVisualStudioVersion = 10.0.40219.1
Project("{FAE04EC0-301F-11D3-BF4B-00C04F79EFBC}") = "ProductApi", "ProductApi\ProductApi.csproj", "{65CB8684-FA20-4AF0-A79C-9439CBB0CB82}"
EndProject
Global
	GlobalSection(SolutionConfigurationPlatforms) = preSolution
		Debug|Any CPU = Debug|Any CPU
		Release|Any CPU = Release|Any CPU
	EndGlobalSection
	GlobalSection(ProjectConfigurationPlatforms) = postSolution
		{65CB8684-FA20-4AF0-A79C-9439CBB0CB82}.Debug|Any CPU.ActiveCfg = Debug|Any CPU
		{65CB8684-FA20-4AF0-A79C-9439CBB0CB82}.Debug|Any CPU.Build.0 = Debug|Any CPU
		{65CB8684-FA20-4AF0-A79C-9439CBB0CB82}.Release|Any CPU.ActiveCfg = Release|Any CPU
		{65CB8684-FA20-4AF0-A79C-9439CBB0CB82}.Release|Any CPU.Build.0 = Release|Any CPU
	EndGlobalSection
	GlobalSection(SolutionProperties) = preSolution
		HideSolutionNode = FALSE
	EndGlobalSection
	GlobalSection(ExtensibilityGlobals) = postSolution
		SolutionGuid = {25006E82-FC71-44CF-B439-EF59B26FC193}
	EndGlobalSection
EndGlobal
